
Microsoft Visual Studio Solution File, Format Version 12.00
Project("{FAE04EC0-301F-11D3-BF4B-00C04F79EFBC}") = "Shared", "Shared\Shared.csproj", "{572DE97F-F0A1-4D1D-8535-0D07CDBC0C8D}"
EndProject
Global
	GlobalSection(SolutionConfigurationPlatforms) = preSolution
		Debug|Any CPU = Debug|Any CPU
		Release|Any CPU = Release|Any CPU
	EndGlobalSection
	GlobalSection(ProjectConfigurationPlatforms) = postSolution
		{572DE97F-F0A1-4D1D-8535-0D07CDBC0C8D}.Debug|Any CPU.ActiveCfg = Debug|Any CPU
		{572DE97F-F0A1-4D1D-8535-0D07CDBC0C8D}.Debug|Any CPU.Build.0 = Debug|Any CPU
		{572DE97F-F0A1-4D1D-8535-0D07CDBC0C8D}.Release|Any CPU.ActiveCfg = Release|Any CPU
		{572DE97F-F0A1-4D1D-8535-0D07CDBC0C8D}.Release|Any CPU.Build.0 = Release|Any CPU
	EndGlobalSection
EndGlobal
